{
  "version": 4,
  "terraform_version": "1.6.5",
  "serial": 17,
  "lineage": "7386e702-fbca-80d4-844d-ceb38b5e0600",
  "outputs": {},
  "resources": [
    {
      "module": "module.vcloud_vms[\"test1\"]",
      "mode": "managed",
      "type": "vcd_vapp",
      "name": "vm_vapp",
      "provider": "provider[\"registry.terraform.io/vmware/vcd\"]",
      "instances": [
        {
          "schema_version": 0,
          "attributes": {
            "description": "Web server for production environment",
            "guest_properties": null,
            "href": "https://az01.etisalat-cloud.com/api/vApp/vapp-8650f78a-f017-4571-88a8-3cc7f28ceecd",
            "id": "urn:vcloud:vapp:8650f78a-f017-4571-88a8-3cc7f28ceecd",
            "inherited_metadata": {},
            "lease": [
              {
                "runtime_lease_in_sec": 0,
                "storage_lease_in_sec": 0
              }
            ],
            "metadata": {},
            "metadata_entry": [],
            "name": "test1-vapp",
            "org": null,
            "power_on": false,
            "status": 1,
            "status_text": "RESOLVED",
            "vapp_network_names": [],
            "vapp_org_network_names": [],
            "vdc": null,
            "vm_names": []
          },
          "sensitive_attributes": [],
          "private": "bnVsbA=="
        }
      ]
    }
  ],
  "check_results": null
}
