{
  "version": 4,
  "terraform_version": "1.6.5",
  "serial": 14,
  "lineage": "db5d5916-6c15-dcee-ab3b-ca11a0955901",
  "outputs": {
    "vm_details": {
      "value": {
        "test1": {
          "href": "https://az01.etisalat-cloud.com/api/vApp/vm-93d4a88d-8844-4a9f-b995-b67554b50e44",
          "id": "urn:vcloud:vm:93d4a88d-8844-4a9f-b995-b67554b50e44",
          "ip_addresses": [
            {
              "adapter_type": "VMXNET3",
              "connected": true,
              "ip": "10.10.10.2",
              "ip_allocation_mode": "POOL",
              "is_primary": true,
              "mac": "00:50:56:01:10:b7",
              "name": "NPOC-VLAN10",
              "secondary_ip": "",
              "secondary_ip_allocation_mode": "NONE",
              "type": "org"
            }
          ],
          "name": "test1",
          "status": 4
        }
      },
      "type": [
        "object",
        {
          "test1": [
            "object",
            {
              "href": "string",
              "id": "string",
              "ip_addresses": [
                "list",
                [
                  "object",
                  {
                    "adapter_type": "string",
                    "connected": "bool",
                    "ip": "string",
                    "ip_allocation_mode": "string",
                    "is_primary": "bool",
                    "mac": "string",
                    "name": "string",
                    "secondary_ip": "string",
                    "secondary_ip_allocation_mode": "string",
                    "type": "string"
                  }
                ]
              ],
              "name": "string",
              "status": "number"
            }
          ]
        }
      ]
    },
    "vm_ids": {
      "value": {
        "test1": "urn:vcloud:vm:93d4a88d-8844-4a9f-b995-b67554b50e44"
      },
      "type": [
        "object",
        {
          "test1": "string"
        }
      ]
    }
  },
  "resources": [
    {
      "mode": "data",
      "type": "vcd_catalog",
      "name": "main",
      "provider": "provider[\"registry.terraform.io/vmware/vcd\"]",
      "instances": [
        {
          "schema_version": 0,
          "attributes": {
            "cache_enabled": null,
            "catalog_version": 125,
            "created": "2023-08-29T04:11:20.829+03:00",
            "description": "",
            "filter": null,
            "href": "https://az01.etisalat-cloud.com/api/admin/catalog/24ffcd09-e4ae-4aba-8e11-2b3834febfea",
            "id": "urn:vcloud:catalog:24ffcd09-e4ae-4aba-8e11-2b3834febfea",
            "is_local": false,
            "is_published": true,
            "is_shared": true,
            "media_item_list": [
              "BIGIP-17.1.0-0.0.16.ALL-vmware.ova",
              "CentOS-7-x86_64-Everything-2003.iso",
              "CentOS-Stream-9-dvd1.iso",
              "CentosStream-8-x86_64-latest-dvd1.iso",
              "Rocky-9.4-x86_64-dvd.iso",
              "SLE-15-SP2-Full-x86_64-GM-Media1.iso",
              "SQLServer2019-x64-ENU.iso",
              "SSMS-Setup-ENU.exe",
              "SW_DVD9_Win_Server_STD_CORE_2019_1809.5_64Bit_English_DC_STD_MLF_X22-34333.ISO",
              "VMware-VMvisor-Installer-7.0.0.update03-21686933.x86_64-Dell_Customized-A12.iso",
              "VMware-ovftool-4.4.1-16812187-win.x86_64.msi",
              "Win11_EnglishInternational_x64v1.iso",
              "Windows Server 2022 ISO",
              "pfSense-CE-2.7.2-RELEASE-amd64.iso",
              "rhel-8.5-x86_64-boot.iso",
              "rhel-9.0-dvd.iso",
              "rhel-9.0-x86_64-dvd.iso",
              "ubuntu-18.04.6-live-server-amd64.iso",
              "ubuntu-20.04.3 LTS (Focal Fossa).iso",
              "ubuntu-20.04.4-live-server-amd64.iso"
            ],
            "metadata": {},
            "metadata_entry": [],
            "name": "Public Catalog",
            "number_of_media": 20,
            "number_of_vapp_templates": 21,
            "org": "Templates",
            "owner_name": "",
            "preserve_identity_information": null,
            "publish_enabled": null,
            "publish_subscription_type": "UNPUBLISHED",
            "publish_subscription_url": null,
            "storage_profile_id": null,
            "vapp_template_list": [
              "BIG-IP VE 14.1.2.6.0.0.2",
              "Centos-7 Template",
              "Centos-8 Template",
              "Centos-9 Template",
              "Centos-9-LocalRepo",
              "OpenVPN Access Server",
              "RedHat-9 Template",
              "Redhat-7 Template",
              "Redhat-8 Template",
              "Rocky 8.10 updated",
              "Rocky-8.10-Minimal",
              "Rocky-8.9",
              "SUSE-15 Template",
              "Ubuntu-20 Template GUI",
              "Ubuntu-22.04-Server",
              "Ubuntu-Server-20.04.2",
              "Windows 10 Template",
              "Windows 11 Pro",
              "Windows 2019 Standard",
              "Windows Server 2016",
              "Zabbix-6.4"
            ]
          },
          "sensitive_attributes": []
        }
      ]
    },
    {
      "mode": "data",
      "type": "vcd_catalog_vapp_template",
      "name": "template",
      "provider": "provider[\"registry.terraform.io/vmware/vcd\"]",
      "instances": [
        {
          "index_key": "test1",
          "schema_version": 0,
          "attributes": {
            "catalog_id": "urn:vcloud:catalog:24ffcd09-e4ae-4aba-8e11-2b3834febfea",
            "catalog_item_id": "urn:vcloud:catalogitem:895c42df-d398-44b2-8b38-d02084064009",
            "created": "2023-08-29T04:33:10.794+03:00",
            "description": " Centos-8 with initial credentials username: root Password: root@123 ",
            "filter": null,
            "id": "urn:vcloud:vapptemplate:d0239488-4067-45d2-bf6a-ef3bdca78d38",
            "inherited_metadata": {
              "vapp.origin.id": "b3d6c10e-f089-4afe-a2d5-68b37c1b5f8d",
              "vapp.origin.name": "Centos-8 Template",
              "vapp.origin.type": "com.vmware.vcloud.entity.vapptemplate"
            },
            "lease": [
              {
                "storage_lease_in_sec": 0
              }
            ],
            "metadata": {},
            "metadata_entry": [],
            "name": "Centos-8 Template",
            "org": null,
            "vdc_id": "urn:vcloud:vdc:90e05c79-32df-4050-b8e0-f8fcfb385830",
            "vm_names": [
              "Centos-8 Template"
            ]
          },
          "sensitive_attributes": []
        }
      ]
    },
    {
      "mode": "data",
      "type": "vcd_network_routed",
      "name": "network",
      "provider": "provider[\"registry.terraform.io/vmware/vcd\"]",
      "instances": [
        {
          "index_key": "NPOC-VLAN10",
          "schema_version": 0,
          "attributes": {
            "description": "",
            "dhcp_pool": [],
            "dns1": "8.8.8.8",
            "dns2": "10.10.10.111",
            "dns_suffix": "npoc.local",
            "edge_gateway": "NPOC-ESG01",
            "filter": null,
            "gateway": "10.10.10.1",
            "href": "https://az01.etisalat-cloud.com/api/network/e7f3238e-d473-46d6-9e71-af20dc9cdb1a",
            "id": "urn:vcloud:network:e7f3238e-d473-46d6-9e71-af20dc9cdb1a",
            "interface_type": null,
            "metadata": {},
            "metadata_entry": [],
            "name": "NPOC-VLAN10",
            "netmask": "255.255.255.0",
            "org": null,
            "shared": false,
            "static_ip_pool": [
              {
                "end_address": "10.10.10.110",
                "start_address": "10.10.10.2"
              }
            ],
            "vdc": "Cloud-NPOC"
          },
          "sensitive_attributes": []
        }
      ]
    },
    {
      "mode": "data",
      "type": "vcd_org_vdc",
      "name": "main",
      "provider": "provider[\"registry.terraform.io/vmware/vcd\"]",
      "instances": [
        {
          "schema_version": 0,
          "attributes": {
            "allocation_model": "AllocationPool",
            "allow_over_commit": null,
            "compute_capacity": [
              {
                "cpu": [
                  {
                    "allocated": 100000,
                    "limit": 100000,
                    "reserved": 10000,
                    "used": 4000
                  }
                ],
                "memory": [
                  {
                    "allocated": 292864,
                    "limit": 292864,
                    "reserved": 146432,
                    "used": 8192
                  }
                ]
              }
            ],
            "cpu_guaranteed": null,
            "cpu_speed": null,
            "default_compute_policy_id": "urn:vcloud:vdcComputePolicy:f7e63b8f-ef4c-498b-bbb7-a0fabe22adc6",
            "default_vm_sizing_policy_id": "urn:vcloud:vdcComputePolicy:f7e63b8f-ef4c-498b-bbb7-a0fabe22adc6",
            "description": "",
            "edge_cluster_id": "",
            "elasticity": null,
            "enable_fast_provisioning": null,
            "enable_nsxv_distributed_firewall": false,
            "enable_thin_provisioning": null,
            "enable_vm_discovery": false,
            "enabled": true,
            "id": "urn:vcloud:vdc:d3a179a3-c68e-4953-9800-23a4245627f3",
            "include_vm_memory_overhead": null,
            "memory_guaranteed": null,
            "metadata": {},
            "metadata_entry": [],
            "name": "Cloud-NPOC",
            "network_pool_name": null,
            "network_quota": 1000,
            "nic_quota": 0,
            "org": null,
            "provider_vdc_name": null,
            "storage_profile": [
              {
                "default": true,
                "enabled": true,
                "limit": 4710400,
                "name": "Linux Storage Policy",
                "storage_used_in_mb": 288989
              }
            ],
            "vm_placement_policy_ids": [],
            "vm_quota": 100,
            "vm_sizing_policy_ids": [
              "urn:vcloud:vdcComputePolicy:11a1eb99-dc12-4255-83fd-43cc34fb0e59",
              "urn:vcloud:vdcComputePolicy:59baa623-2e5d-45b0-8f47-b8f8a0a4da7e",
              "urn:vcloud:vdcComputePolicy:64533b2f-c20b-43bb-9694-e0045df01103",
              "urn:vcloud:vdcComputePolicy:827bf506-92bf-47fc-bd4e-36ded001a023",
              "urn:vcloud:vdcComputePolicy:a960618c-78b7-433b-965d-c79960741fe1",
              "urn:vcloud:vdcComputePolicy:db49536c-dcc6-4a97-97b0-06cf8791a020",
              "urn:vcloud:vdcComputePolicy:e5882127-34c3-4b2e-999d-cff45eb5f486",
              "urn:vcloud:vdcComputePolicy:f2260ad4-24dc-42c4-a0d1-6a4259190482",
              "urn:vcloud:vdcComputePolicy:f7e63b8f-ef4c-498b-bbb7-a0fabe22adc6"
            ],
            "vm_vgpu_policy_ids": []
          },
          "sensitive_attributes": []
        }
      ]
    },
    {
      "module": "module.vcloud_vm[\"test1\"]",
      "mode": "data",
      "type": "vcd_catalog",
      "name": "vm_catalog",
      "provider": "provider[\"registry.terraform.io/vmware/vcd\"]",
      "instances": [
        {
          "schema_version": 0,
          "attributes": {
            "cache_enabled": null,
            "catalog_version": 125,
            "created": "2023-08-29T04:11:20.829+03:00",
            "description": "",
            "filter": null,
            "href": "https://az01.etisalat-cloud.com/api/admin/catalog/24ffcd09-e4ae-4aba-8e11-2b3834febfea",
            "id": "urn:vcloud:catalog:24ffcd09-e4ae-4aba-8e11-2b3834febfea",
            "is_local": false,
            "is_published": true,
            "is_shared": true,
            "media_item_list": [
              "BIGIP-17.1.0-0.0.16.ALL-vmware.ova",
              "CentOS-7-x86_64-Everything-2003.iso",
              "CentOS-Stream-9-dvd1.iso",
              "CentosStream-8-x86_64-latest-dvd1.iso",
              "Rocky-9.4-x86_64-dvd.iso",
              "SLE-15-SP2-Full-x86_64-GM-Media1.iso",
              "SQLServer2019-x64-ENU.iso",
              "SSMS-Setup-ENU.exe",
              "SW_DVD9_Win_Server_STD_CORE_2019_1809.5_64Bit_English_DC_STD_MLF_X22-34333.ISO",
              "VMware-VMvisor-Installer-7.0.0.update03-21686933.x86_64-Dell_Customized-A12.iso",
              "VMware-ovftool-4.4.1-16812187-win.x86_64.msi",
              "Win11_EnglishInternational_x64v1.iso",
              "Windows Server 2022 ISO",
              "pfSense-CE-2.7.2-RELEASE-amd64.iso",
              "rhel-8.5-x86_64-boot.iso",
              "rhel-9.0-dvd.iso",
              "rhel-9.0-x86_64-dvd.iso",
              "ubuntu-18.04.6-live-server-amd64.iso",
              "ubuntu-20.04.3 LTS (Focal Fossa).iso",
              "ubuntu-20.04.4-live-server-amd64.iso"
            ],
            "metadata": {},
            "metadata_entry": [],
            "name": "Public Catalog",
            "number_of_media": 20,
            "number_of_vapp_templates": 21,
            "org": "Templates",
            "owner_name": "",
            "preserve_identity_information": null,
            "publish_enabled": null,
            "publish_subscription_type": "UNPUBLISHED",
            "publish_subscription_url": null,
            "storage_profile_id": null,
            "vapp_template_list": [
              "BIG-IP VE 14.1.2.6.0.0.2",
              "Centos-7 Template",
              "Centos-8 Template",
              "Centos-9 Template",
              "Centos-9-LocalRepo",
              "OpenVPN Access Server",
              "RedHat-9 Template",
              "Redhat-7 Template",
              "Redhat-8 Template",
              "Rocky 8.10 updated",
              "Rocky-8.10-Minimal",
              "Rocky-8.9",
              "SUSE-15 Template",
              "Ubuntu-20 Template GUI",
              "Ubuntu-22.04-Server",
              "Ubuntu-Server-20.04.2",
              "Windows 10 Template",
              "Windows 11 Pro",
              "Windows 2019 Standard",
              "Windows Server 2016",
              "Zabbix-6.4"
            ]
          },
          "sensitive_attributes": []
        }
      ]
    },
    {
      "module": "module.vcloud_vm[\"test1\"]",
      "mode": "data",
      "type": "vcd_catalog_vapp_template",
      "name": "vm_template",
      "provider": "provider[\"registry.terraform.io/vmware/vcd\"]",
      "instances": [
        {
          "schema_version": 0,
          "attributes": {
            "catalog_id": "urn:vcloud:catalog:24ffcd09-e4ae-4aba-8e11-2b3834febfea",
            "catalog_item_id": "urn:vcloud:catalogitem:895c42df-d398-44b2-8b38-d02084064009",
            "created": "2023-08-29T04:33:10.794+03:00",
            "description": " Centos-8 with initial credentials username: root Password: root@123 ",
            "filter": null,
            "id": "urn:vcloud:vapptemplate:d0239488-4067-45d2-bf6a-ef3bdca78d38",
            "inherited_metadata": {
              "vapp.origin.id": "b3d6c10e-f089-4afe-a2d5-68b37c1b5f8d",
              "vapp.origin.name": "Centos-8 Template",
              "vapp.origin.type": "com.vmware.vcloud.entity.vapptemplate"
            },
            "lease": [
              {
                "storage_lease_in_sec": 0
              }
            ],
            "metadata": {},
            "metadata_entry": [],
            "name": "Centos-8 Template",
            "org": null,
            "vdc_id": "urn:vcloud:vdc:90e05c79-32df-4050-b8e0-f8fcfb385830",
            "vm_names": [
              "Centos-8 Template"
            ]
          },
          "sensitive_attributes": []
        }
      ]
    },
    {
      "module": "module.vcloud_vm[\"test1\"]",
      "mode": "managed",
      "type": "vcd_vm",
      "name": "vm",
      "provider": "provider[\"registry.terraform.io/vmware/vcd\"]",
      "instances": [
        {
          "schema_version": 0,
          "attributes": {
            "accept_all_eulas": true,
            "boot_image": null,
            "boot_image_id": null,
            "boot_options": [
              {
                "boot_delay": 0,
                "boot_retry_delay": 10000,
                "boot_retry_enabled": false,
                "efi_secure_boot": true,
                "enter_bios_setup_on_next_boot": false
              }
            ],
            "catalog_name": null,
            "computer_name": "localhost",
            "consolidate_disks_on_create": false,
            "copy_from_vm_id": null,
            "cpu_cores": 1,
            "cpu_hot_add_enabled": false,
            "cpu_limit": null,
            "cpu_priority": "",
            "cpu_reservation": null,
            "cpu_shares": null,
            "cpus": 2,
            "customization": [
              {
                "admin_password": "",
                "allow_local_admin_password": false,
                "auto_generate_password": true,
                "change_sid": false,
                "enabled": true,
                "force": false,
                "initscript": "",
                "join_domain": false,
                "join_domain_account_ou": "",
                "join_domain_name": "",
                "join_domain_password": "",
                "join_domain_user": "",
                "join_org_domain": false,
                "must_change_password_on_first_login": false,
                "number_of_auto_logons": 0
              }
            ],
            "description": "Test standalone VM",
            "disk": [],
            "expose_hardware_virtualization": false,
            "extra_config": [],
            "firmware": "efi",
            "guest_properties": null,
            "hardware_version": "vmx-19",
            "href": "https://az01.etisalat-cloud.com/api/vApp/vm-93d4a88d-8844-4a9f-b995-b67554b50e44",
            "id": "urn:vcloud:vm:93d4a88d-8844-4a9f-b995-b67554b50e44",
            "imported": null,
            "inherited_metadata": {},
            "internal_disk": [
              {
                "bus_number": 0,
                "bus_type": "paravirtual",
                "disk_id": "2000",
                "iops": 0,
                "size_in_mb": 16384,
                "storage_profile": "Linux Storage Policy",
                "thin_provisioned": true,
                "unit_number": 0
              }
            ],
            "memory": 4096,
            "memory_hot_add_enabled": false,
            "memory_limit": null,
            "memory_priority": "",
            "memory_reservation": null,
            "memory_shares": null,
            "metadata": {
              "CreatedDate": "2025-05-23T19:01:23Z",
              "Environment": "Test",
              "ManagedBy": "Terraform",
              "OS": "Linux",
              "Owner": "TestTeam",
              "Project": "vcloud-standalone-vms",
              "created_by": "terraform"
            },
            "metadata_entry": [
              {
                "is_system": false,
                "key": "CreatedDate",
                "type": "MetadataStringValue",
                "user_access": "READWRITE",
                "value": "2025-05-23T19:01:23Z"
              },
              {
                "is_system": false,
                "key": "Environment",
                "type": "MetadataStringValue",
                "user_access": "READWRITE",
                "value": "Test"
              },
              {
                "is_system": false,
                "key": "ManagedBy",
                "type": "MetadataStringValue",
                "user_access": "READWRITE",
                "value": "Terraform"
              },
              {
                "is_system": false,
                "key": "OS",
                "type": "MetadataStringValue",
                "user_access": "READWRITE",
                "value": "Linux"
              },
              {
                "is_system": false,
                "key": "Owner",
                "type": "MetadataStringValue",
                "user_access": "READWRITE",
                "value": "TestTeam"
              },
              {
                "is_system": false,
                "key": "Project",
                "type": "MetadataStringValue",
                "user_access": "READWRITE",
                "value": "vcloud-standalone-vms"
              },
              {
                "is_system": false,
                "key": "created_by",
                "type": "MetadataStringValue",
                "user_access": "READWRITE",
                "value": "terraform"
              }
            ],
            "name": "test1",
            "network": [
              {
                "adapter_type": "VMXNET3",
                "connected": true,
                "ip": "10.10.10.2",
                "ip_allocation_mode": "POOL",
                "is_primary": true,
                "mac": "00:50:56:01:10:b7",
                "name": "NPOC-VLAN10",
                "secondary_ip": "",
                "secondary_ip_allocation_mode": "NONE",
                "type": "org"
              }
            ],
            "network_dhcp_wait_seconds": null,
            "org": null,
            "os_type": "centos8_64Guest",
            "override_template_disk": [],
            "placement_policy_id": "",
            "power_on": true,
            "prevent_update_power_off": false,
            "security_tags": [],
            "set_extra_config": [],
            "sizing_policy_id": "urn:vcloud:vdcComputePolicy:f7e63b8f-ef4c-498b-bbb7-a0fabe22adc6",
            "status": 4,
            "status_text": "POWERED_ON",
            "storage_profile": "Linux Storage Policy",
            "template_name": null,
            "vapp_id": "urn:vcloud:vapp:7885eb27-dd54-4e80-a896-aed2d2c9b9e7",
            "vapp_name": "test1-b5998f05-b0cb-4d58-bc50-e6cf5f792611",
            "vapp_template_id": "urn:vcloud:vapptemplate:d0239488-4067-45d2-bf6a-ef3bdca78d38",
            "vdc": null,
            "vm_name_in_template": null,
            "vm_type": "vcd_vm"
          },
          "sensitive_attributes": [],
          "private": "bnVsbA==",
          "dependencies": [
            "data.vcd_catalog.main",
            "data.vcd_catalog_vapp_template.template",
            "data.vcd_network_routed.network",
            "module.vcloud_vm.data.vcd_catalog.vm_catalog",
            "module.vcloud_vm.data.vcd_catalog_vapp_template.vm_template"
          ]
        }
      ]
    }
  ],
  "check_results": null
}
